// !$*UTF8*$!
{
	archiveVersion = 1;
	classes = {
	};
	objectVersion = 56;
	objects = {

/* Begin PBXBuildFile section */
		AD7F71582A0D167900831907 /* data.json in Resources */ = {isa = PBXBuildFile; fileRef = AD7F71572A0D167900831907 /* data.json */; };
		AD7F715B2A0E378B00831907 /* Rational.swift in Sources */ = {isa = PBXBuildFile; fileRef = AD7F715A2A0E378B00831907 /* Rational.swift */; };
		ADBAEA822A0027E700F8949A /* RecipesListApp.swift in Sources */ = {isa = PBXBuildFile; fileRef = ADBAEA812A0027E700F8949A /* RecipesListApp.swift */; };
		ADBAEA842A0027E700F8949A /* RecipeListView.swift in Sources */ = {isa = PBXBuildFile; fileRef = ADBAEA832A0027E700F8949A /* RecipeListView.swift */; };
		ADBAEA862A0027E900F8949A /* Assets.xcassets in Resources */ = {isa = PBXBuildFile; fileRef = ADBAEA852A0027E900F8949A /* Assets.xcassets */; };
		ADBAEA892A0027E900F8949A /* Preview Assets.xcassets in Resources */ = {isa = PBXBuildFile; fileRef = ADBAEA882A0027E900F8949A /* Preview Assets.xcassets */; };
		ADBAEA942A0028A300F8949A /* LocalData.swift in Sources */ = {isa = PBXBuildFile; fileRef = ADBAEA932A0028A300F8949A /* LocalData.swift */; };
		ADBAEA962A0028B600F8949A /* recipes.json in Resources */ = {isa = PBXBuildFile; fileRef = ADBAEA952A0028B600F8949A /* recipes.json */; };
		ADBAEA982A0028FF00F8949A /* Recipe.swift in Sources */ = {isa = PBXBuildFile; fileRef = ADBAEA972A0028FF00F8949A /* Recipe.swift */; };
		ADBAEA9A2A002AAA00F8949A /* RecipeModel.swift in Sources */ = {isa = PBXBuildFile; fileRef = ADBAEA992A002AAA00F8949A /* RecipeModel.swift */; };
		ADBAEA9C2A017BBC00F8949A /* RecipeDetailView.swift in Sources */ = {isa = PBXBuildFile; fileRef = ADBAEA9B2A017BBC00F8949A /* RecipeDetailView.swift */; };
		ADBAEA9E2A01861700F8949A /* RecipeTabView.swift in Sources */ = {isa = PBXBuildFile; fileRef = ADBAEA9D2A01861700F8949A /* RecipeTabView.swift */; };
		ADBAEAA02A02D59500F8949A /* RecipeFeaturedView.swift in Sources */ = {isa = PBXBuildFile; fileRef = ADBAEA9F2A02D59400F8949A /* RecipeFeaturedView.swift */; };
/* End PBXBuildFile section */

/* Begin PBXFileReference section */
		AD7F71572A0D167900831907 /* data.json */ = {isa = PBXFileReference; lastKnownFileType = text.json; path = data.json; sourceTree = "<group>"; };
		AD7F715A2A0E378B00831907 /* Rational.swift */ = {isa = PBXFileReference; fileEncoding = 4; lastKnownFileType = sourcecode.swift; path = Rational.swift; sourceTree = "<group>"; };
		ADBAEA7E2A0027E700F8949A /* RecipesList.app */ = {isa = PBXFileReference; explicitFileType = wrapper.application; includeInIndex = 0; path = RecipesList.app; sourceTree = BUILT_PRODUCTS_DIR; };
		ADBAEA812A0027E700F8949A /* RecipesListApp.swift */ = {isa = PBXFileReference; lastKnownFileType = sourcecode.swift; path = RecipesListApp.swift; sourceTree = "<group>"; };
		ADBAEA832A0027E700F8949A /* RecipeListView.swift */ = {isa = PBXFileReference; lastKnownFileType = sourcecode.swift; path = RecipeListView.swift; sourceTree = "<group>"; };
		ADBAEA852A0027E900F8949A /* Assets.xcassets */ = {isa = PBXFileReference; lastKnownFileType = folder.assetcatalog; path = Assets.xcassets; sourceTree = "<group>"; };
		ADBAEA882A0027E900F8949A /* Preview Assets.xcassets */ = {isa = PBXFileReference; lastKnownFileType = folder.assetcatalog; path = "Preview Assets.xcassets"; sourceTree = "<group>"; };
		ADBAEA932A0028A300F8949A /* LocalData.swift */ = {isa = PBXFileReference; lastKnownFileType = sourcecode.swift; path = LocalData.swift; sourceTree = "<group>"; };
		ADBAEA952A0028B600F8949A /* recipes.json */ = {isa = PBXFileReference; lastKnownFileType = text.json; path = recipes.json; sourceTree = "<group>"; };
		ADBAEA972A0028FF00F8949A /* Recipe.swift */ = {isa = PBXFileReference; lastKnownFileType = sourcecode.swift; path = Recipe.swift; sourceTree = "<group>"; };
		ADBAEA992A002AAA00F8949A /* RecipeModel.swift */ = {isa = PBXFileReference; lastKnownFileType = sourcecode.swift; path = RecipeModel.swift; sourceTree = "<group>"; };
		ADBAEA9B2A017BBC00F8949A /* RecipeDetailView.swift */ = {isa = PBXFileReference; lastKnownFileType = sourcecode.swift; path = RecipeDetailView.swift; sourceTree = "<group>"; };
		ADBAEA9D2A01861700F8949A /* RecipeTabView.swift */ = {isa = PBXFileReference; lastKnownFileType = sourcecode.swift; path = RecipeTabView.swift; sourceTree = "<group>"; };
		ADBAEA9F2A02D59400F8949A /* RecipeFeaturedView.swift */ = {isa = PBXFileReference; lastKnownFileType = sourcecode.swift; path = RecipeFeaturedView.swift; sourceTree = "<group>"; };
/* End PBXFileReference section */

/* Begin PBXFrameworksBuildPhase section */
		ADBAEA7B2A0027E700F8949A /* Frameworks */ = {
			isa = PBXFrameworksBuildPhase;
			buildActionMask = 2147483647;
			files = (
			);
			runOnlyForDeploymentPostprocessing = 0;
		};
/* End PBXFrameworksBuildPhase section */

/* Begin PBXGroup section */
		AD7F71592A0E374900831907 /* Utilities */ = {
			isa = PBXGroup;
			children = (
				AD7F715A2A0E378B00831907 /* Rational.swift */,
			);
			path = Utilities;
			sourceTree = "<group>";
		};
		ADBAEA752A0027E700F8949A = {
			isa = PBXGroup;
			children = (
				ADBAEA802A0027E700F8949A /* RecipesList */,
				ADBAEA7F2A0027E700F8949A /* Products */,
			);
			sourceTree = "<group>";
		};
		ADBAEA7F2A0027E700F8949A /* Products */ = {
			isa = PBXGroup;
			children = (
				ADBAEA7E2A0027E700F8949A /* RecipesList.app */,
			);
			name = Products;
			sourceTree = "<group>";
		};
		ADBAEA802A0027E700F8949A /* RecipesList */ = {
			isa = PBXGroup;
			children = (
				AD7F71592A0E374900831907 /* Utilities */,
				ADBAEA812A0027E700F8949A /* RecipesListApp.swift */,
				ADBAEA852A0027E900F8949A /* Assets.xcassets */,
				ADBAEA872A0027E900F8949A /* Preview Content */,
				ADBAEA8F2A0027F900F8949A /* DataService */,
				ADBAEA902A00280100F8949A /* Model */,
				ADBAEA912A00280500F8949A /* ViewModel */,
				ADBAEA922A00280900F8949A /* Views */,
			);
			path = RecipesList;
			sourceTree = "<group>";
		};
		ADBAEA872A0027E900F8949A /* Preview Content */ = {
			isa = PBXGroup;
			children = (
				ADBAEA882A0027E900F8949A /* Preview Assets.xcassets */,
			);
			path = "Preview Content";
			sourceTree = "<group>";
		};
		ADBAEA8F2A0027F900F8949A /* DataService */ = {
			isa = PBXGroup;
			children = (
				ADBAEA932A0028A300F8949A /* LocalData.swift */,
				ADBAEA952A0028B600F8949A /* recipes.json */,
				AD7F71572A0D167900831907 /* data.json */,
			);
			path = DataService;
			sourceTree = "<group>";
		};
		ADBAEA902A00280100F8949A /* Model */ = {
			isa = PBXGroup;
			children = (
				ADBAEA972A0028FF00F8949A /* Recipe.swift */,
			);
			path = Model;
			sourceTree = "<group>";
		};
		ADBAEA912A00280500F8949A /* ViewModel */ = {
			isa = PBXGroup;
			children = (
				ADBAEA992A002AAA00F8949A /* RecipeModel.swift */,
			);
			path = ViewModel;
			sourceTree = "<group>";
		};
		ADBAEA922A00280900F8949A /* Views */ = {
			isa = PBXGroup;
			children = (
				ADBAEA9D2A01861700F8949A /* RecipeTabView.swift */,
				ADBAEA832A0027E700F8949A /* RecipeListView.swift */,
				ADBAEA9B2A017BBC00F8949A /* RecipeDetailView.swift */,
				ADBAEA9F2A02D59400F8949A /* RecipeFeaturedView.swift */,
			);
			path = Views;
			sourceTree = "<group>";
		};
/* End PBXGroup section */

/* Begin PBXNativeTarget section */
		ADBAEA7D2A0027E700F8949A /* RecipesList */ = {
			isa = PBXNativeTarget;
			buildConfigurationList = ADBAEA8C2A0027E900F8949A /* Build configuration list for PBXNativeTarget "RecipesList" */;
			buildPhases = (
				ADBAEA7A2A0027E700F8949A /* Sources */,
				ADBAEA7B2A0027E700F8949A /* Frameworks */,
				ADBAEA7C2A0027E700F8949A /* Resources */,
			);
			buildRules = (
			);
			dependencies = (
			);
			name = RecipesList;
			productName = RecipesList;
			productReference = ADBAEA7E2A0027E700F8949A /* RecipesList.app */;
			productType = "com.apple.product-type.application";
		};
/* End PBXNativeTarget section */

/* Begin PBXProject section */
		ADBAEA762A0027E700F8949A /* Project object */ = {
			isa = PBXProject;
			attributes = {
				BuildIndependentTargetsInParallel = 1;
				LastSwiftUpdateCheck = 1430;
				LastUpgradeCheck = 1430;
				TargetAttributes = {
					ADBAEA7D2A0027E700F8949A = {
						CreatedOnToolsVersion = 14.3;
					};
				};
			};
			buildConfigurationList = ADBAEA792A0027E700F8949A /* Build configuration list for PBXProject "RecipesList" */;
			compatibilityVersion = "Xcode 14.0";
			developmentRegion = en;
			hasScannedForEncodings = 0;
			knownRegions = (
				en,
				Base,
			);
			mainGroup = ADBAEA752A0027E700F8949A;
			productRefGroup = ADBAEA7F2A0027E700F8949A /* Products */;
			projectDirPath = "";
			projectRoot = "";
			targets = (
				ADBAEA7D2A0027E700F8949A /* RecipesList */,
			);
		};
/* End PBXProject section */

/* Begin PBXResourcesBuildPhase section */
		ADBAEA7C2A0027E700F8949A /* Resources */ = {
			isa = PBXResourcesBuildPhase;
			buildActionMask = 2147483647;
			files = (
				ADBAEA892A0027E900F8949A /* Preview Assets.xcassets in Resources */,
				ADBAEA962A0028B600F8949A /* recipes.json in Resources */,
				ADBAEA862A0027E900F8949A /* Assets.xcassets in Resources */,
				AD7F71582A0D167900831907 /* data.json in Resources */,
			);
			runOnlyForDeploymentPostprocessing = 0;
		};
/* End PBXResourcesBuildPhase section */

/* Begin PBXSourcesBuildPhase section */
		ADBAEA7A2A0027E700F8949A /* Sources */ = {
			isa = PBXSourcesBuildPhase;
			buildActionMask = 2147483647;
			files = (
				ADBAEA942A0028A300F8949A /* LocalData.swift in Sources */,
				ADBAEA9C2A017BBC00F8949A /* RecipeDetailView.swift in Sources */,
				AD7F715B2A0E378B00831907 /* Rational.swift in Sources */,
				ADBAEA842A0027E700F8949A /* RecipeListView.swift in Sources */,
				ADBAEA9A2A002AAA00F8949A /* RecipeModel.swift in Sources */,
				ADBAEA822A0027E700F8949A /* RecipesListApp.swift in Sources */,
				ADBAEA982A0028FF00F8949A /* Recipe.swift in Sources */,
				ADBAEAA02A02D59500F8949A /* RecipeFeaturedView.swift in Sources */,
				ADBAEA9E2A01861700F8949A /* RecipeTabView.swift in Sources */,
			);
			runOnlyForDeploymentPostprocessing = 0;
		};
/* End PBXSourcesBuildPhase section */

/* Begin XCBuildConfiguration section */
		ADBAEA8A2A0027E900F8949A /* Debug */ = {
			isa = XCBuildConfiguration;
			buildSettings = {
				ALWAYS_SEARCH_USER_PATHS = NO;
				CLANG_ANALYZER_NONNULL = YES;
				CLANG_ANALYZER_NUMBER_OBJECT_CONVERSION = YES_AGGRESSIVE;
				CLANG_CXX_LANGUAGE_STANDARD = "gnu++20";
				CLANG_ENABLE_MODULES = YES;
				CLANG_ENABLE_OBJC_ARC = YES;
				CLANG_ENABLE_OBJC_WEAK = YES;
				CLANG_WARN_BLOCK_CAPTURE_AUTORELEASING = YES;
				CLANG_WARN_BOOL_CONVERSION = YES;
				CLANG_WARN_COMMA = YES;
				CLANG_WARN_CONSTANT_CONVERSION = YES;
				CLANG_WARN_DEPRECATED_OBJC_IMPLEMENTATIONS = YES;
				CLANG_WARN_DIRECT_OBJC_ISA_USAGE = YES_ERROR;
				CLANG_WARN_DOCUMENTATION_COMMENTS = YES;
				CLANG_WARN_EMPTY_BODY = YES;
				CLANG_WARN_ENUM_CONVERSION = YES;
				CLANG_WARN_INFINITE_RECURSION = YES;
				CLANG_WARN_INT_CONVERSION = YES;
				CLANG_WARN_NON_LITERAL_NULL_CONVERSION = YES;
				CLANG_WARN_OBJC_IMPLICIT_RETAIN_SELF = YES;
				CLANG_WARN_OBJC_LITERAL_CONVERSION = YES;
				CLANG_WARN_OBJC_ROOT_CLASS = YES_ERROR;
				CLANG_WARN_QUOTED_INCLUDE_IN_FRAMEWORK_HEADER = YES;
				CLANG_WARN_RANGE_LOOP_ANALYSIS = YES;
				CLANG_WARN_STRICT_PROTOTYPES = YES;
				CLANG_WARN_SUSPICIOUS_MOVE = YES;
				CLANG_WARN_UNGUARDED_AVAILABILITY = YES_AGGRESSIVE;
				CLANG_WARN_UNREACHABLE_CODE = YES;
				CLANG_WARN__DUPLICATE_METHOD_MATCH = YES;
				COPY_PHASE_STRIP = NO;
				DEBUG_INFORMATION_FORMAT = dwarf;
				ENABLE_STRICT_OBJC_MSGSEND = YES;
				ENABLE_TESTABILITY = YES;
				GCC_C_LANGUAGE_STANDARD = gnu11;
				GCC_DYNAMIC_NO_PIC = NO;
				GCC_NO_COMMON_BLOCKS = YES;
				GCC_OPTIMIZATION_LEVEL = 0;
				GCC_PREPROCESSOR_DEFINITIONS = (
					"DEBUG=1",
					"$(inherited)",
				);
				GCC_WARN_64_TO_32_BIT_CONVERSION = YES;
				GCC_WARN_ABOUT_RETURN_TYPE = YES_ERROR;
				GCC_WARN_UNDECLARED_SELECTOR = YES;
				GCC_WARN_UNINITIALIZED_AUTOS = YES_AGGRESSIVE;
				GCC_WARN_UNUSED_FUNCTION = YES;
				GCC_WARN_UNUSED_VARIABLE = YES;
				IPHONEOS_DEPLOYMENT_TARGET = 16.4;
				MTL_ENABLE_DEBUG_INFO = INCLUDE_SOURCE;
				MTL_FAST_MATH = YES;
				ONLY_ACTIVE_ARCH = YES;
				SDKROOT = iphoneos;
				SWIFT_ACTIVE_COMPILATION_CONDITIONS = DEBUG;
				SWIFT_OPTIMIZATION_LEVEL = "-Onone";
			};
			name = Debug;
		};
		ADBAEA8B2A0027E900F8949A /* Release */ = {
			isa = XCBuildConfiguration;
			buildSettings = {
				ALWAYS_SEARCH_USER_PATHS = NO;
				CLANG_ANALYZER_NONNULL = YES;
				CLANG_ANALYZER_NUMBER_OBJECT_CONVERSION = YES_AGGRESSIVE;
				CLANG_CXX_LANGUAGE_STANDARD = "gnu++20";
				CLANG_ENABLE_MODULES = YES;
				CLANG_ENABLE_OBJC_ARC = YES;
				CLANG_ENABLE_OBJC_WEAK = YES;
				CLANG_WARN_BLOCK_CAPTURE_AUTORELEASING = YES;
				CLANG_WARN_BOOL_CONVERSION = YES;
				CLANG_WARN_COMMA = YES;
				CLANG_WARN_CONSTANT_CONVERSION = YES;
				CLANG_WARN_DEPRECATED_OBJC_IMPLEMENTATIONS = YES;
				CLANG_WARN_DIRECT_OBJC_ISA_USAGE = YES_ERROR;
				CLANG_WARN_DOCUMENTATION_COMMENTS = YES;
				CLANG_WARN_EMPTY_BODY = YES;
				CLANG_WARN_ENUM_CONVERSION = YES;
				CLANG_WARN_INFINITE_RECURSION = YES;
				CLANG_WARN_INT_CONVERSION = YES;
				CLANG_WARN_NON_LITERAL_NULL_CONVERSION = YES;
				CLANG_WARN_OBJC_IMPLICIT_RETAIN_SELF = YES;
				CLANG_WARN_OBJC_LITERAL_CONVERSION = YES;
				CLANG_WARN_OBJC_ROOT_CLASS = YES_ERROR;
				CLANG_WARN_QUOTED_INCLUDE_IN_FRAMEWORK_HEADER = YES;
				CLANG_WARN_RANGE_LOOP_ANALYSIS = YES;
				CLANG_WARN_STRICT_PROTOTYPES = YES;
				CLANG_WARN_SUSPICIOUS_MOVE = YES;
				CLANG_WARN_UNGUARDED_AVAILABILITY = YES_AGGRESSIVE;
				CLANG_WARN_UNREACHABLE_CODE = YES;
				CLANG_WARN__DUPLICATE_METHOD_MATCH = YES;
				COPY_PHASE_STRIP = NO;
				DEBUG_INFORMATION_FORMAT = "dwarf-with-dsym";
				ENABLE_NS_ASSERTIONS = NO;
				ENABLE_STRICT_OBJC_MSGSEND = YES;
				GCC_C_LANGUAGE_STANDARD = gnu11;
				GCC_NO_COMMON_BLOCKS = YES;
				GCC_WARN_64_TO_32_BIT_CONVERSION = YES;
				GCC_WARN_ABOUT_RETURN_TYPE = YES_ERROR;
				GCC_WARN_UNDECLARED_SELECTOR = YES;
				GCC_WARN_UNINITIALIZED_AUTOS = YES_AGGRESSIVE;
				GCC_WARN_UNUSED_FUNCTION = YES;
				GCC_WARN_UNUSED_VARIABLE = YES;
				IPHONEOS_DEPLOYMENT_TARGET = 16.4;
				MTL_ENABLE_DEBUG_INFO = NO;
				MTL_FAST_MATH = YES;
				SDKROOT = iphoneos;
				SWIFT_COMPILATION_MODE = wholemodule;
				SWIFT_OPTIMIZATION_LEVEL = "-O";
				VALIDATE_PRODUCT = YES;
			};
			name = Release;
		};
		ADBAEA8D2A0027E900F8949A /* Debug */ = {
			isa = XCBuildConfiguration;
			buildSettings = {
				ASSETCATALOG_COMPILER_APPICON_NAME = AppIcon;
				ASSETCATALOG_COMPILER_GLOBAL_ACCENT_COLOR_NAME = AccentColor;
				CODE_SIGN_STYLE = Automatic;
				CURRENT_PROJECT_VERSION = 1;
				DEVELOPMENT_ASSET_PATHS = "\"RecipesList/Preview Content\"";
				DEVELOPMENT_TEAM = N693GNQH6J;
				ENABLE_PREVIEWS = YES;
				GENERATE_INFOPLIST_FILE = YES;
				INFOPLIST_KEY_UIApplicationSceneManifest_Generation = YES;
				INFOPLIST_KEY_UIApplicationSupportsIndirectInputEvents = YES;
				INFOPLIST_KEY_UILaunchScreen_Generation = YES;
				INFOPLIST_KEY_UISupportedInterfaceOrientations_iPad = "UIInterfaceOrientationPortrait UIInterfaceOrientationPortraitUpsideDown UIInterfaceOrientationLandscapeLeft UIInterfaceOrientationLandscapeRight";
				INFOPLIST_KEY_UISupportedInterfaceOrientations_iPhone = "UIInterfaceOrientationPortrait UIInterfaceOrientationLandscapeLeft UIInterfaceOrientationLandscapeRight";
				LD_RUNPATH_SEARCH_PATHS = (
					"$(inherited)",
					"@executable_path/Frameworks",
				);
				MARKETING_VERSION = 1.0;
				PRODUCT_BUNDLE_IDENTIFIER = "-.RecipesList";
				PRODUCT_NAME = "$(TARGET_NAME)";
				SWIFT_EMIT_LOC_STRINGS = YES;
				SWIFT_VERSION = 5.0;
				TARGETED_DEVICE_FAMILY = "1,2";
			};
			name = Debug;
		};
		ADBAEA8E2A0027E900F8949A /* Release */ = {
			isa = XCBuildConfiguration;
			buildSettings = {
				ASSETCATALOG_COMPILER_APPICON_NAME = AppIcon;
				ASSETCATALOG_COMPILER_GLOBAL_ACCENT_COLOR_NAME = AccentColor;
				CODE_SIGN_STYLE = Automatic;
				CURRENT_PROJECT_VERSION = 1;
				DEVELOPMENT_ASSET_PATHS = "\"RecipesList/Preview Content\"";
				DEVELOPMENT_TEAM = N693GNQH6J;
				ENABLE_PREVIEWS = YES;
				GENERATE_INFOPLIST_FILE = YES;
				INFOPLIST_KEY_UIApplicationSceneManifest_Generation = YES;
				INFOPLIST_KEY_UIApplicationSupportsIndirectInputEvents = YES;
				INFOPLIST_KEY_UILaunchScreen_Generation = YES;
				INFOPLIST_KEY_UISupportedInterfaceOrientations_iPad = "UIInterfaceOrientationPortrait UIInterfaceOrientationPortraitUpsideDown UIInterfaceOrientationLandscapeLeft UIInterfaceOrientationLandscapeRight";
				INFOPLIST_KEY_UISupportedInterfaceOrientations_iPhone = "UIInterfaceOrientationPortrait UIInterfaceOrientationLandscapeLeft UIInterfaceOrientationLandscapeRight";
				LD_RUNPATH_SEARCH_PATHS = (
					"$(inherited)",
					"@executable_path/Frameworks",
				);
				MARKETING_VERSION = 1.0;
				PRODUCT_BUNDLE_IDENTIFIER = "-.RecipesList";
				PRODUCT_NAME = "$(TARGET_NAME)";
				SWIFT_EMIT_LOC_STRINGS = YES;
				SWIFT_VERSION = 5.0;
				TARGETED_DEVICE_FAMILY = "1,2";
			};
			name = Release;
		};
/* End XCBuildConfiguration section */

/* Begin XCConfigurationList section */
		ADBAEA792A0027E700F8949A /* Build configuration list for PBXProject "RecipesList" */ = {
			isa = XCConfigurationList;
			buildConfigurations = (
				ADBAEA8A2A0027E900F8949A /* Debug */,
				ADBAEA8B2A0027E900F8949A /* Release */,
			);
			defaultConfigurationIsVisible = 0;
			defaultConfigurationName = Release;
		};
		ADBAEA8C2A0027E900F8949A /* Build configuration list for PBXNativeTarget "RecipesList" */ = {
			isa = XCConfigurationList;
			buildConfigurations = (
				ADBAEA8D2A0027E900F8949A /* Debug */,
				ADBAEA8E2A0027E900F8949A /* Release */,
			);
			defaultConfigurationIsVisible = 0;
			defaultConfigurationName = Release;
		};
/* End XCConfigurationList section */
	};
	rootObject = ADBAEA762A0027E700F8949A /* Project object */;
}
